
Microsoft Visual Studio Solution File, Format Version 12.00
# Visual Studio Version 17
VisualStudioVersion = 17.7.34009.444
MinimumVisualStudioVersion = 10.0.40219.1
Project("{FAE04EC0-301F-11D3-BF4B-00C04F79EFBC}") = "DisparadoresXam.Android", "DisparadoresXam\DisparadoresXam.Android\DisparadoresXam.Android.csproj", "{D95B57C6-D8AF-44E8-B1E6-1F65A53A640E}"
EndProject
Project("{FAE04EC0-301F-11D3-BF4B-00C04F79EFBC}") = "DisparadoresXam.iOS", "DisparadoresXam\DisparadoresXam.iOS\DisparadoresXam.iOS.csproj", "{6C28665E-37F7-437F-923E-B7144B7BE592}"
EndProject
Project("{FAE04EC0-301F-11D3-BF4B-00C04F79EFBC}") = "DisparadoresXam", "DisparadoresXam\DisparadoresXam\DisparadoresXam.csproj", "{AFA08887-6A86-407C-9FB3-9C0A95E88600}"
EndProject
Global
	GlobalSection(SolutionConfigurationPlatforms) = preSolution
		Debug|Any CPU = Debug|Any CPU
		Debug|iPhone = Debug|iPhone
		Debug|iPhoneSimulator = Debug|iPhoneSimulator
		Release|Any CPU = Release|Any CPU
		Release|iPhone = Release|iPhone
		Release|iPhoneSimulator = Release|iPhoneSimulator
	EndGlobalSection
	GlobalSection(ProjectConfigurationPlatforms) = postSolution
		{D95B57C6-D8AF-44E8-B1E6-1F65A53A640E}.Debug|Any CPU.ActiveCfg = Debug|Any CPU
		{D95B57C6-D8AF-44E8-B1E6-1F65A53A640E}.Debug|Any CPU.Build.0 = Debug|Any CPU
		{D95B57C6-D8AF-44E8-B1E6-1F65A53A640E}.Debug|Any CPU.Deploy.0 = Debug|Any CPU
		{D95B57C6-D8AF-44E8-B1E6-1F65A53A640E}.Debug|iPhone.ActiveCfg = Debug|Any CPU
		{D95B57C6-D8AF-44E8-B1E6-1F65A53A640E}.Debug|iPhone.Build.0 = Debug|Any CPU
		{D95B57C6-D8AF-44E8-B1E6-1F65A53A640E}.Debug|iPhone.Deploy.0 = Debug|Any CPU
		{D95B57C6-D8AF-44E8-B1E6-1F65A53A640E}.Debug|iPhoneSimulator.ActiveCfg = Debug|Any CPU
		{D95B57C6-D8AF-44E8-B1E6-1F65A53A640E}.Debug|iPhoneSimulator.Build.0 = Debug|Any CPU
		{D95B57C6-D8AF-44E8-B1E6-1F65A53A640E}.Debug|iPhoneSimulator.Deploy.0 = Debug|Any CPU
		{D95B57C6-D8AF-44E8-B1E6-1F65A53A640E}.Release|Any CPU.ActiveCfg = Release|Any CPU
		{D95B57C6-D8AF-44E8-B1E6-1F65A53A640E}.Release|Any CPU.Build.0 = Release|Any CPU
		{D95B57C6-D8AF-44E8-B1E6-1F65A53A640E}.Release|Any CPU.Deploy.0 = Release|Any CPU
		{D95B57C6-D8AF-44E8-B1E6-1F65A53A640E}.Release|iPhone.ActiveCfg = Release|Any CPU
		{D95B57C6-D8AF-44E8-B1E6-1F65A53A640E}.Release|iPhone.Build.0 = Release|Any CPU
		{D95B57C6-D8AF-44E8-B1E6-1F65A53A640E}.Release|iPhone.Deploy.0 = Release|Any CPU
		{D95B57C6-D8AF-44E8-B1E6-1F65A53A640E}.Release|iPhoneSimulator.ActiveCfg = Release|Any CPU
		{D95B57C6-D8AF-44E8-B1E6-1F65A53A640E}.Release|iPhoneSimulator.Build.0 = Release|Any CPU
		{D95B57C6-D8AF-44E8-B1E6-1F65A53A640E}.Release|iPhoneSimulator.Deploy.0 = Release|Any CPU
		{6C28665E-37F7-437F-923E-B7144B7BE592}.Debug|Any CPU.ActiveCfg = Debug|iPhone
		{6C28665E-37F7-437F-923E-B7144B7BE592}.Debug|Any CPU.Build.0 = Debug|iPhone
		{6C28665E-37F7-437F-923E-B7144B7BE592}.Debug|Any CPU.Deploy.0 = Debug|iPhone
		{6C28665E-37F7-437F-923E-B7144B7BE592}.Debug|iPhone.ActiveCfg = Debug|iPhone
		{6C28665E-37F7-437F-923E-B7144B7BE592}.Debug|iPhone.Build.0 = Debug|iPhone
		{6C28665E-37F7-437F-923E-B7144B7BE592}.Debug|iPhone.Deploy.0 = Debug|iPhone
		{6C28665E-37F7-437F-923E-B7144B7BE592}.Debug|iPhoneSimulator.ActiveCfg = Debug|iPhoneSimulator
		{6C28665E-37F7-437F-923E-B7144B7BE592}.Debug|iPhoneSimulator.Build.0 = Debug|iPhoneSimulator
		{6C28665E-37F7-437F-923E-B7144B7BE592}.Debug|iPhoneSimulator.Deploy.0 = Debug|iPhoneSimulator
		{6C28665E-37F7-437F-923E-B7144B7BE592}.Release|Any CPU.ActiveCfg = Release|iPhoneSimulator
		{6C28665E-37F7-437F-923E-B7144B7BE592}.Release|Any CPU.Build.0 = Release|iPhoneSimulator
		{6C28665E-37F7-437F-923E-B7144B7BE592}.Release|Any CPU.Deploy.0 = Release|iPhoneSimulator
		{6C28665E-37F7-437F-923E-B7144B7BE592}.Release|iPhone.ActiveCfg = Release|iPhone
		{6C28665E-37F7-437F-923E-B7144B7BE592}.Release|iPhone.Build.0 = Release|iPhone
		{6C28665E-37F7-437F-923E-B7144B7BE592}.Release|iPhone.Deploy.0 = Release|iPhone
		{6C28665E-37F7-437F-923E-B7144B7BE592}.Release|iPhoneSimulator.ActiveCfg = Release|iPhoneSimulator
		{6C28665E-37F7-437F-923E-B7144B7BE592}.Release|iPhoneSimulator.Build.0 = Release|iPhoneSimulator
		{6C28665E-37F7-437F-923E-B7144B7BE592}.Release|iPhoneSimulator.Deploy.0 = Release|iPhoneSimulator
		{AFA08887-6A86-407C-9FB3-9C0A95E88600}.Debug|Any CPU.ActiveCfg = Debug|Any CPU
		{AFA08887-6A86-407C-9FB3-9C0A95E88600}.Debug|Any CPU.Build.0 = Debug|Any CPU
		{AFA08887-6A86-407C-9FB3-9C0A95E88600}.Debug|Any CPU.Deploy.0 = Debug|Any CPU
		{AFA08887-6A86-407C-9FB3-9C0A95E88600}.Debug|iPhone.ActiveCfg = Debug|Any CPU
		{AFA08887-6A86-407C-9FB3-9C0A95E88600}.Debug|iPhone.Build.0 = Debug|Any CPU
		{AFA08887-6A86-407C-9FB3-9C0A95E88600}.Debug|iPhone.Deploy.0 = Debug|Any CPU
		{AFA08887-6A86-407C-9FB3-9C0A95E88600}.Debug|iPhoneSimulator.ActiveCfg = Debug|Any CPU
		{AFA08887-6A86-407C-9FB3-9C0A95E88600}.Debug|iPhoneSimulator.Build.0 = Debug|Any CPU
		{AFA08887-6A86-407C-9FB3-9C0A95E88600}.Debug|iPhoneSimulator.Deploy.0 = Debug|Any CPU
		{AFA08887-6A86-407C-9FB3-9C0A95E88600}.Release|Any CPU.ActiveCfg = Release|Any CPU
		{AFA08887-6A86-407C-9FB3-9C0A95E88600}.Release|Any CPU.Build.0 = Release|Any CPU
		{AFA08887-6A86-407C-9FB3-9C0A95E88600}.Release|Any CPU.Deploy.0 = Release|Any CPU
		{AFA08887-6A86-407C-9FB3-9C0A95E88600}.Release|iPhone.ActiveCfg = Release|Any CPU
		{AFA08887-6A86-407C-9FB3-9C0A95E88600}.Release|iPhone.Build.0 = Release|Any CPU
		{AFA08887-6A86-407C-9FB3-9C0A95E88600}.Release|iPhone.Deploy.0 = Release|Any CPU
		{AFA08887-6A86-407C-9FB3-9C0A95E88600}.Release|iPhoneSimulator.ActiveCfg = Release|Any CPU
		{AFA08887-6A86-407C-9FB3-9C0A95E88600}.Release|iPhoneSimulator.Build.0 = Release|Any CPU
		{AFA08887-6A86-407C-9FB3-9C0A95E88600}.Release|iPhoneSimulator.Deploy.0 = Release|Any CPU
	EndGlobalSection
	GlobalSection(SolutionProperties) = preSolution
		HideSolutionNode = FALSE
	EndGlobalSection
	GlobalSection(ExtensibilityGlobals) = postSolution
		SolutionGuid = {F6A78B59-19E7-4F27-A950-F9EFE00ACB04}
	EndGlobalSection
EndGlobal
